PODS:
  - HHPlaceholderView (0.1.0)

DEPENDENCIES:
  - HHPlaceholderView (from `../`)

EXTERNAL SOURCES:
  HHPlaceholderView:
    :path: "../"

SPEC CHECKSUMS:
  HHPlaceholderView: 9cc29136ee35c6d32f1c17e00934261091385efb

PODFILE CHECKSUM: 59995d862991c98badacbc0b3b5cc608f9b5e26d

COCOAPODS: 1.8.4
